{
  "version": "3",
  "remote": {
    "https://deno.land/std@0.177.0/_util/asserts.ts": "178dfc49a464aee693a7e285567b3d0b555dc805ff490505a8aae34f9cfb1462",
    "https://deno.land/std@0.177.0/crypto/_fnv/fnv32.ts": "e4649dfdefc5c987ed53c3c25db62db771a06d9d1b9c36d2b5cf0853b8e82153",
    "https://deno.land/std@0.177.0/crypto/_fnv/fnv64.ts": "bfa0e4702061fdb490a14e6bf5f9168a22fb022b307c5723499469bfefca555e",
    "https://deno.land/std@0.177.0/crypto/_fnv/index.ts": "169c213eb75de2d6738c1ed66a8e5782bd222b70b187cc4e7fb7b73edfcf0927",
    "https://deno.land/std@0.177.0/crypto/_fnv/util.ts": "accba12bfd80a352e32a872f87df2a195e75561f1b1304a4cb4f5a4648d288f9",
    "https://deno.land/std@0.177.0/crypto/_wasm/lib/deno_std_wasm_crypto.generated.mjs": "5dedb7f9aa05f0e18ed017691c58df5f4686e4cbbd70368c6f896e5cca03f2b4",
    "https://deno.land/std@0.177.0/crypto/_wasm/mod.ts": "e2df88236fc061eac7a89e8cb0b97843f5280b08b2a990e473b7397a3e566003",
    "https://deno.land/std@0.177.0/crypto/crypto.ts": "d5ce53784ab7b1348095389426a7ea98536223fb143812ecb50724a0aa1ec657",
    "https://deno.land/std@0.177.0/crypto/keystack.ts": "877ab0f19eb7d37ad6495190d3c3e39f58e9c52e0b6a966f82fd6df67ca55f90",
    "https://deno.land/std@0.177.0/crypto/mod.ts": "885738e710868202d7328305b0c0c134e36a2d9c98ceab9513ea2442863c00eb",
    "https://deno.land/std@0.177.0/crypto/timing_safe_equal.ts": "8d69ab611c67fe51b6127d97fcfb4d8e7d0e1b6b4f3e0cc4ab86744c3691f965",
    "https://deno.land/std@0.177.0/crypto/to_hash_string.ts": "fe4e95239d7afb617f469bc2f76ff20f888ddb8d1385e0d92276f6e4d5a809d1",
    "https://deno.land/std@0.177.0/encoding/base64.ts": "7de04c2f8aeeb41453b09b186480be90f2ff357613b988e99fabb91d2eeceba1",
    "https://deno.land/std@0.177.0/encoding/base64url.ts": "3f1178f6446834457b16bfde8b559c1cd3481727fe384d3385e4a9995dc2d851",
    "https://deno.land/std@0.177.0/encoding/hex.ts": "50f8c95b52eae24395d3dfcb5ec1ced37c5fe7610ef6fffdcc8b0fdc38e3b32f",
    "https://deno.land/std@0.205.0/encoding/_util.ts": "f368920189c4fe6592ab2e93bd7ded8f3065b84f95cd3e036a4a10a75649dcba",
    "https://deno.land/std@0.205.0/encoding/base64.ts": "cc03110d6518170aeaa68ec97f89c6d6e2276294b30807e7332591d7ce2e4b72",
    "https://deno.land/std@0.205.0/encoding/base64url.ts": "7608862858d28a003f9d6cb78dd61e645ecd1ae1f45faf0e09a306eafe66b16e",
    "https://deno.land/std@0.208.0/async/delay.ts": "a6142eb44cdd856b645086af2b811b1fcce08ec06bb7d50969e6a872ee9b8659",
    "https://deno.land/std@0.208.0/http/server.ts": "f3cde6672e631d3e00785743cfa96bfed275618c0352c5ae84abbe5a2e0e4afc",
    "https://deno.land/x/djwt@v3.0.1/algorithm.ts": "b1c6645f9dbd6e6c47c123a3b18c28b956f91c65ed17f5b6d5d968fc3750542b",
    "https://deno.land/x/djwt@v3.0.1/deps.ts": "c8b329dc18c54f93879699ffb728bd805d548f7c64c4d2916efa5fb2c712cc47",
    "https://deno.land/x/djwt@v3.0.1/mod.ts": "eca176976595654b8a536e7b8029a029c435d079ef58feff2d3bde33ea107417",
    "https://deno.land/x/djwt@v3.0.1/signature.ts": "a5649368a4b433b2810e7d47f53661fe3b0f7fe1778cb49234ceae3d6e861185",
    "https://deno.land/x/djwt@v3.0.1/util.ts": "5cb264d2125c553678e11446bcfa0494025d120e3f59d0a3ab38f6800def697d"
  },
  "workspace": {
    "packageJson": {
      "dependencies": [
        "npm:@auth/core@^0.40.0",
        "npm:@googlemaps/js-api-loader@^1.16.10",
        "npm:@hookform/resolvers@^3.10.0",
        "npm:@radix-ui/react-accordion@1.2.2",
        "npm:@radix-ui/react-alert-dialog@1.1.4",
        "npm:@radix-ui/react-aspect-ratio@1.1.1",
        "npm:@radix-ui/react-avatar@1.1.2",
        "npm:@radix-ui/react-checkbox@1.1.3",
        "npm:@radix-ui/react-collapsible@1.1.2",
        "npm:@radix-ui/react-context-menu@2.2.4",
        "npm:@radix-ui/react-dialog@1.1.4",
        "npm:@radix-ui/react-dropdown-menu@2.1.4",
        "npm:@radix-ui/react-hover-card@1.1.4",
        "npm:@radix-ui/react-label@2.1.1",
        "npm:@radix-ui/react-menubar@1.1.4",
        "npm:@radix-ui/react-navigation-menu@1.2.3",
        "npm:@radix-ui/react-popover@1.1.4",
        "npm:@radix-ui/react-progress@1.1.1",
        "npm:@radix-ui/react-radio-group@1.2.2",
        "npm:@radix-ui/react-scroll-area@1.2.2",
        "npm:@radix-ui/react-select@2.1.4",
        "npm:@radix-ui/react-separator@1.1.1",
        "npm:@radix-ui/react-slider@1.2.2",
        "npm:@radix-ui/react-slot@1.1.1",
        "npm:@radix-ui/react-switch@1.1.2",
        "npm:@radix-ui/react-tabs@1.1.2",
        "npm:@radix-ui/react-toast@1.2.4",
        "npm:@radix-ui/react-toggle-group@1.1.1",
        "npm:@radix-ui/react-toggle@1.1.1",
        "npm:@radix-ui/react-tooltip@1.1.6",
        "npm:@react-three/drei@^10.7.4",
        "npm:@react-three/fiber@^9.3.0",
        "npm:@tailwindcss/postcss@^4.1.9",
        "npm:@types/jsonwebtoken@^9.0.10",
        "npm:@types/node@^22",
        "npm:@types/react-dom@^19",
        "npm:@types/react@^19",
        "npm:autoprefixer@^10.4.20",
        "npm:class-variance-authority@^0.7.1",
        "npm:clsx@^2.1.1",
        "npm:cmdk@1.0.4",
        "npm:date-fns@^4.1.0",
        "npm:embla-carousel-react@8.5.1",
        "npm:framer-motion@^12.23.12",
        "npm:geist@^1.3.1",
        "npm:gsap@^3.13.0",
        "npm:input-otp@1.4.1",
        "npm:jsonwebtoken@^9.0.2",
        "npm:lucide-react@^0.454.0",
        "npm:next-auth@^4.24.11",
        "npm:next-themes@^0.4.6",
        "npm:next@15.2.4",
        "npm:postcss@^8.5",
        "npm:react-day-picker@^9.8.0",
        "npm:react-dom@^19",
        "npm:react-hook-form@^7.60.0",
        "npm:react-is@^19.1.1",
        "npm:react-resizable-panels@^2.1.7",
        "npm:react@^19",
        "npm:recharts@latest",
        "npm:sonner@^1.7.4",
        "npm:tailwind-merge@^2.5.5",
        "npm:tailwindcss-animate@^1.0.7",
        "npm:tailwindcss@^4.1.9",
        "npm:tw-animate-css@1.3.3",
        "npm:typescript@^5",
        "npm:unicornstudio-react@^1.4.29-1",
        "npm:vaul@^0.9.9",
        "npm:zod@3.25.67"
      ]
    }
  }
}
